{
  "nodes": {
    "cloakbrowser": {
      "inputs": {
        "nixpkgs": "nixpkgs"
      },
      "locked": {
        "lastModified": 1781019489,
        "narHash": "sha256-3C7kcKzdfTLQGmrBrI79DZgP8iHx2YeZXO2UWlpKZrE=",
        "owner": "CloakHQ",
        "repo": "CloakBrowser",
        "rev": "b06499b0c15e1f988db0bbbd001831e88e9b483b",
        "type": "github"
      },
      "original": {
        "owner": "CloakHQ",
        "repo": "CloakBrowser",
        "type": "github"
      }
    },
    "nixpkgs": {
      "locked": {
        "lastModified": 1777954456,
        "narHash": "sha256-hGdgeU2Nk87RAuZyYjyDjFL6LK7dAZN5RE9+hrDTkDU=",
        "owner": "NixOS",
        "repo": "nixpkgs",
        "rev": "549bd84d6279f9852cae6225e372cc67fb91a4c1",
        "type": "github"
      },
      "original": {
        "owner": "NixOS",
        "ref": "nixos-unstable",
        "repo": "nixpkgs",
        "type": "github"
      }
    },
    "nixpkgs_2": {
      "locked": {
        "lastModified": 1780952837,
        "narHash": "sha256-Fwd1+spDtQ0hDyBwme6ufG3n4mY0UrjjFdYHv+G/Hds=",
        "owner": "NixOS",
        "repo": "nixpkgs",
        "rev": "e820eb4a444b46a19b2e03e8dfd2359439ff30fe",
        "type": "github"
      },
      "original": {
        "owner": "NixOS",
        "ref": "nixos-25.11",
        "repo": "nixpkgs",
        "type": "github"
      }
    },
    "root": {
      "inputs": {
        "cloakbrowser": "cloakbrowser",
        "nixpkgs": "nixpkgs_2",
        "rust-overlay": "rust-overlay"
      }
    },
    "rust-overlay": {
      "inputs": {
        "nixpkgs": [
          "nixpkgs"
        ]
      },
      "locked": {
        "lastModified": 1781061510,
        "narHash": "sha256-tVuGHgt/TsWu1rUAqEL+eWRIJJHtiPE2+yQ63b+/WTU=",
        "owner": "oxalica",
        "repo": "rust-overlay",
        "rev": "d286e9691bb03045febbf8304a658eab1487d1b5",
        "type": "github"
      },
      "original": {
        "owner": "oxalica",
        "repo": "rust-overlay",
        "type": "github"
      }
    }
  },
  "root": "root",
  "version": 7
}
